
Microsoft Visual Studio Solution File, Format Version 12.00
# Visual Studio 15
VisualStudioVersion = 15.0.26430.6
MinimumVisualStudioVersion = 10.0.40219.1
Project("{FAE04EC0-301F-11D3-BF4B-00C04F79EFBC}") = "SendSMS", "SendSMS\SendSMS.csproj", "{B3202544-0375-4534-BEE3-72B394357E95}"
EndProject
Project("{FAE04EC0-301F-11D3-BF4B-00C04F79EFBC}") = "SMSWebService", "SMSWebService\SMSWebService.csproj", "{906A44EA-FA32-4B4D-8056-7F395C452C4D}"
	ProjectSection(ProjectDependencies) = postProject
		{21423C5B-2032-44C9-A609-97BE24DBCFEC} = {21423C5B-2032-44C9-A609-97BE24DBCFEC}
	EndProjectSection
EndProject
Project("{FAE04EC0-301F-11D3-BF4B-00C04F79EFBC}") = "WcfServiceSMS", "WcfServiceSMS\WcfServiceSMS.csproj", "{21423C5B-2032-44C9-A609-97BE24DBCFEC}"
EndProject
Global
	GlobalSection(SolutionConfigurationPlatforms) = preSolution
		Debug|Any CPU = Debug|Any CPU
		Release|Any CPU = Release|Any CPU
	EndGlobalSection
	GlobalSection(ProjectConfigurationPlatforms) = postSolution
		{B3202544-0375-4534-BEE3-72B394357E95}.Debug|Any CPU.ActiveCfg = Debug|Any CPU
		{B3202544-0375-4534-BEE3-72B394357E95}.Debug|Any CPU.Build.0 = Debug|Any CPU
		{B3202544-0375-4534-BEE3-72B394357E95}.Release|Any CPU.ActiveCfg = Release|Any CPU
		{B3202544-0375-4534-BEE3-72B394357E95}.Release|Any CPU.Build.0 = Release|Any CPU
		{906A44EA-FA32-4B4D-8056-7F395C452C4D}.Debug|Any CPU.ActiveCfg = Debug|Any CPU
		{906A44EA-FA32-4B4D-8056-7F395C452C4D}.Debug|Any CPU.Build.0 = Debug|Any CPU
		{906A44EA-FA32-4B4D-8056-7F395C452C4D}.Release|Any CPU.ActiveCfg = Release|Any CPU
		{906A44EA-FA32-4B4D-8056-7F395C452C4D}.Release|Any CPU.Build.0 = Release|Any CPU
		{21423C5B-2032-44C9-A609-97BE24DBCFEC}.Debug|Any CPU.ActiveCfg = Debug|Any CPU
		{21423C5B-2032-44C9-A609-97BE24DBCFEC}.Debug|Any CPU.Build.0 = Debug|Any CPU
		{21423C5B-2032-44C9-A609-97BE24DBCFEC}.Release|Any CPU.ActiveCfg = Release|Any CPU
		{21423C5B-2032-44C9-A609-97BE24DBCFEC}.Release|Any CPU.Build.0 = Release|Any CPU
	EndGlobalSection
	GlobalSection(SolutionProperties) = preSolution
		HideSolutionNode = FALSE
	EndGlobalSection
EndGlobal
